
Microsoft Visual Studio Solution File, Format Version 12.00
# Visual Studio Version 16
VisualStudioVersion = 16.0.31727.386
MinimumVisualStudioVersion = 10.0.40219.1
Project("{888888A0-9F3D-457C-B088-3A5042F75D52}") = "chang", "chang\chang.pyproj", "{3BD5E9D9-BBF6-4B04-B74C-5F4B3BAF9F7D}"
EndProject
Global
	GlobalSection(SolutionConfigurationPlatforms) = preSolution
		Debug|Any CPU = Debug|Any CPU
		Release|Any CPU = Release|Any CPU
	EndGlobalSection
	GlobalSection(ProjectConfigurationPlatforms) = postSolution
		{3BD5E9D9-BBF6-4B04-B74C-5F4B3BAF9F7D}.Debug|Any CPU.ActiveCfg = Debug|Any CPU
		{3BD5E9D9-BBF6-4B04-B74C-5F4B3BAF9F7D}.Release|Any CPU.ActiveCfg = Release|Any CPU
	EndGlobalSection
	GlobalSection(SolutionProperties) = preSolution
		HideSolutionNode = FALSE
	EndGlobalSection
	GlobalSection(ExtensibilityGlobals) = postSolution
		SolutionGuid = {C4553ABE-6DD4-4289-9EF0-749809E9FE32}
	EndGlobalSection
EndGlobal
